
Microsoft Visual Studio Solution File, Format Version 12.00
# Visual Studio Version 17
VisualStudioVersion = 17.2.32616.157
MinimumVisualStudioVersion = 10.0.40219.1
Project("{FAE04EC0-301F-11D3-BF4B-00C04F79EFBC}") = "VisXamarin.Android", "VisXamarin\VisXamarin.Android\VisXamarin.Android.csproj", "{C81B3231-E862-4766-81D5-00D854E658FC}"
EndProject
Project("{FAE04EC0-301F-11D3-BF4B-00C04F79EFBC}") = "VisXamarin.iOS", "VisXamarin\VisXamarin.iOS\VisXamarin.iOS.csproj", "{6B696128-A51A-4B62-829E-43C07F2B355A}"
EndProject
Project("{FAE04EC0-301F-11D3-BF4B-00C04F79EFBC}") = "VisXamarin", "VisXamarin\VisXamarin\VisXamarin.csproj", "{EC1811D6-2A48-4C7B-9022-BE2912A9A3E6}"
EndProject
Global
	GlobalSection(SolutionConfigurationPlatforms) = preSolution
		Debug|Any CPU = Debug|Any CPU
		Debug|iPhone = Debug|iPhone
		Debug|iPhoneSimulator = Debug|iPhoneSimulator
		Release|Any CPU = Release|Any CPU
		Release|iPhone = Release|iPhone
		Release|iPhoneSimulator = Release|iPhoneSimulator
	EndGlobalSection
	GlobalSection(ProjectConfigurationPlatforms) = postSolution
		{C81B3231-E862-4766-81D5-00D854E658FC}.Debug|Any CPU.ActiveCfg = Debug|Any CPU
		{C81B3231-E862-4766-81D5-00D854E658FC}.Debug|Any CPU.Build.0 = Debug|Any CPU
		{C81B3231-E862-4766-81D5-00D854E658FC}.Debug|Any CPU.Deploy.0 = Debug|Any CPU
		{C81B3231-E862-4766-81D5-00D854E658FC}.Debug|iPhone.ActiveCfg = Debug|Any CPU
		{C81B3231-E862-4766-81D5-00D854E658FC}.Debug|iPhone.Build.0 = Debug|Any CPU
		{C81B3231-E862-4766-81D5-00D854E658FC}.Debug|iPhone.Deploy.0 = Debug|Any CPU
		{C81B3231-E862-4766-81D5-00D854E658FC}.Debug|iPhoneSimulator.ActiveCfg = Debug|Any CPU
		{C81B3231-E862-4766-81D5-00D854E658FC}.Debug|iPhoneSimulator.Build.0 = Debug|Any CPU
		{C81B3231-E862-4766-81D5-00D854E658FC}.Debug|iPhoneSimulator.Deploy.0 = Debug|Any CPU
		{C81B3231-E862-4766-81D5-00D854E658FC}.Release|Any CPU.ActiveCfg = Release|Any CPU
		{C81B3231-E862-4766-81D5-00D854E658FC}.Release|Any CPU.Build.0 = Release|Any CPU
		{C81B3231-E862-4766-81D5-00D854E658FC}.Release|Any CPU.Deploy.0 = Release|Any CPU
		{C81B3231-E862-4766-81D5-00D854E658FC}.Release|iPhone.ActiveCfg = Release|Any CPU
		{C81B3231-E862-4766-81D5-00D854E658FC}.Release|iPhone.Build.0 = Release|Any CPU
		{C81B3231-E862-4766-81D5-00D854E658FC}.Release|iPhone.Deploy.0 = Release|Any CPU
		{C81B3231-E862-4766-81D5-00D854E658FC}.Release|iPhoneSimulator.ActiveCfg = Release|Any CPU
		{C81B3231-E862-4766-81D5-00D854E658FC}.Release|iPhoneSimulator.Build.0 = Release|Any CPU
		{C81B3231-E862-4766-81D5-00D854E658FC}.Release|iPhoneSimulator.Deploy.0 = Release|Any CPU
		{6B696128-A51A-4B62-829E-43C07F2B355A}.Debug|Any CPU.ActiveCfg = Debug|iPhone
		{6B696128-A51A-4B62-829E-43C07F2B355A}.Debug|Any CPU.Build.0 = Debug|iPhone
		{6B696128-A51A-4B62-829E-43C07F2B355A}.Debug|Any CPU.Deploy.0 = Debug|iPhone
		{6B696128-A51A-4B62-829E-43C07F2B355A}.Debug|iPhone.ActiveCfg = Debug|iPhone
		{6B696128-A51A-4B62-829E-43C07F2B355A}.Debug|iPhone.Build.0 = Debug|iPhone
		{6B696128-A51A-4B62-829E-43C07F2B355A}.Debug|iPhone.Deploy.0 = Debug|iPhone
		{6B696128-A51A-4B62-829E-43C07F2B355A}.Debug|iPhoneSimulator.ActiveCfg = Debug|iPhoneSimulator
		{6B696128-A51A-4B62-829E-43C07F2B355A}.Debug|iPhoneSimulator.Build.0 = Debug|iPhoneSimulator
		{6B696128-A51A-4B62-829E-43C07F2B355A}.Debug|iPhoneSimulator.Deploy.0 = Debug|iPhoneSimulator
		{6B696128-A51A-4B62-829E-43C07F2B355A}.Release|Any CPU.ActiveCfg = Release|iPhoneSimulator
		{6B696128-A51A-4B62-829E-43C07F2B355A}.Release|Any CPU.Build.0 = Release|iPhoneSimulator
		{6B696128-A51A-4B62-829E-43C07F2B355A}.Release|Any CPU.Deploy.0 = Release|iPhoneSimulator
		{6B696128-A51A-4B62-829E-43C07F2B355A}.Release|iPhone.ActiveCfg = Release|iPhone
		{6B696128-A51A-4B62-829E-43C07F2B355A}.Release|iPhone.Build.0 = Release|iPhone
		{6B696128-A51A-4B62-829E-43C07F2B355A}.Release|iPhone.Deploy.0 = Release|iPhone
		{6B696128-A51A-4B62-829E-43C07F2B355A}.Release|iPhoneSimulator.ActiveCfg = Release|iPhoneSimulator
		{6B696128-A51A-4B62-829E-43C07F2B355A}.Release|iPhoneSimulator.Build.0 = Release|iPhoneSimulator
		{6B696128-A51A-4B62-829E-43C07F2B355A}.Release|iPhoneSimulator.Deploy.0 = Release|iPhoneSimulator
		{EC1811D6-2A48-4C7B-9022-BE2912A9A3E6}.Debug|Any CPU.ActiveCfg = Debug|Any CPU
		{EC1811D6-2A48-4C7B-9022-BE2912A9A3E6}.Debug|Any CPU.Build.0 = Debug|Any CPU
		{EC1811D6-2A48-4C7B-9022-BE2912A9A3E6}.Debug|Any CPU.Deploy.0 = Debug|Any CPU
		{EC1811D6-2A48-4C7B-9022-BE2912A9A3E6}.Debug|iPhone.ActiveCfg = Debug|Any CPU
		{EC1811D6-2A48-4C7B-9022-BE2912A9A3E6}.Debug|iPhone.Build.0 = Debug|Any CPU
		{EC1811D6-2A48-4C7B-9022-BE2912A9A3E6}.Debug|iPhone.Deploy.0 = Debug|Any CPU
		{EC1811D6-2A48-4C7B-9022-BE2912A9A3E6}.Debug|iPhoneSimulator.ActiveCfg = Debug|Any CPU
		{EC1811D6-2A48-4C7B-9022-BE2912A9A3E6}.Debug|iPhoneSimulator.Build.0 = Debug|Any CPU
		{EC1811D6-2A48-4C7B-9022-BE2912A9A3E6}.Debug|iPhoneSimulator.Deploy.0 = Debug|Any CPU
		{EC1811D6-2A48-4C7B-9022-BE2912A9A3E6}.Release|Any CPU.ActiveCfg = Release|Any CPU
		{EC1811D6-2A48-4C7B-9022-BE2912A9A3E6}.Release|Any CPU.Build.0 = Release|Any CPU
		{EC1811D6-2A48-4C7B-9022-BE2912A9A3E6}.Release|Any CPU.Deploy.0 = Release|Any CPU
		{EC1811D6-2A48-4C7B-9022-BE2912A9A3E6}.Release|iPhone.ActiveCfg = Release|Any CPU
		{EC1811D6-2A48-4C7B-9022-BE2912A9A3E6}.Release|iPhone.Build.0 = Release|Any CPU
		{EC1811D6-2A48-4C7B-9022-BE2912A9A3E6}.Release|iPhone.Deploy.0 = Release|Any CPU
		{EC1811D6-2A48-4C7B-9022-BE2912A9A3E6}.Release|iPhoneSimulator.ActiveCfg = Release|Any CPU
		{EC1811D6-2A48-4C7B-9022-BE2912A9A3E6}.Release|iPhoneSimulator.Build.0 = Release|Any CPU
		{EC1811D6-2A48-4C7B-9022-BE2912A9A3E6}.Release|iPhoneSimulator.Deploy.0 = Release|Any CPU
	EndGlobalSection
	GlobalSection(SolutionProperties) = preSolution
		HideSolutionNode = FALSE
	EndGlobalSection
	GlobalSection(ExtensibilityGlobals) = postSolution
		SolutionGuid = {463DAF0D-57D7-4C01-8D85-D57E6A813355}
	EndGlobalSection
EndGlobal
